
Microsoft Visual Studio Solution File, Format Version 12.00
# Visual Studio Version 17
VisualStudioVersion = 17.7.34031.279
MinimumVisualStudioVersion = 10.0.40219.1
Project("{2150E333-8FDC-42A3-9474-1A3956D46DE8}") = "src", "src", "{B2BE4D97-CC85-4953-8173-9C21F6B32FED}"
EndProject
Project("{2150E333-8FDC-42A3-9474-1A3956D46DE8}") = "tests", "tests", "{B8A8BD76-255A-4E19-9BFA-E9B7C23D8BC8}"
EndProject
Project("{2150E333-8FDC-42A3-9474-1A3956D46DE8}") = "Catalog", "Catalog", "{3253CFD9-49C9-49CD-B30D-74654B39F85A}"
EndProject
Project("{9A19103F-16F7-4668-BE54-9A1E7A4F7556}") = "Catalog.API", "src\Catalog\Catalog.API\Catalog.API.csproj", "{272D4A51-BE39-4D3B-A6F5-639B4A6A7290}"
EndProject
Project("{2150E333-8FDC-42A3-9474-1A3956D46DE8}") = "Basket", "Basket", "{842FB576-028C-49E1-9D69-E89D8DF9396C}"
EndProject
Project("{9A19103F-16F7-4668-BE54-9A1E7A4F7556}") = "Basket.API", "src\Basket\Basket.API\Basket.API\Basket.API.csproj", "{DE59DD28-B2CB-42F2-B1E0-37A58B845515}"
EndProject
Project("{2150E333-8FDC-42A3-9474-1A3956D46DE8}") = "Common", "Common", "{97A15E92-AF4A-4229-B301-64006B224D36}"
EndProject
Project("{9A19103F-16F7-4668-BE54-9A1E7A4F7556}") = "EventBusRabbitMQ", "src\Common\EventBusRabbitMQ\EventBusRabbitMQ.csproj", "{9A71F100-C77A-48A0-B9F6-DAC0A30D46ED}"
EndProject
Project("{2150E333-8FDC-42A3-9474-1A3956D46DE8}") = "Ordering", "Ordering", "{4A5931FA-CDE0-40AE-AD2F-D10772A5825D}"
EndProject
Project("{9A19103F-16F7-4668-BE54-9A1E7A4F7556}") = "Ordering.API", "src\Ordering\Ordering.API\Ordering.API.csproj", "{39A57FBC-FE2B-4AA3-8299-64EB5AAB72B2}"
EndProject
Project("{9A19103F-16F7-4668-BE54-9A1E7A4F7556}") = "Ordering.Application", "src\Ordering\Ordering.Application\Ordering.Application.csproj", "{A01953FE-7CD9-41DB-8B3A-5CA2D3123CC3}"
EndProject
Project("{9A19103F-16F7-4668-BE54-9A1E7A4F7556}") = "Ordering.Core", "src\Ordering\Ordering.Core\Ordering.Core.csproj", "{11A77377-99D3-44EC-A983-A97F2A8F9DF1}"
EndProject
Project("{9A19103F-16F7-4668-BE54-9A1E7A4F7556}") = "Ordering.Infrastructure", "src\Ordering\Ordering.Infrastructure\Ordering.Infrastructure.csproj", "{D3534BC5-0DF0-4A5B-B776-E1D8ED5C6558}"
EndProject
Project("{9A19103F-16F7-4668-BE54-9A1E7A4F7556}") = "Basket.IntegrationTests", "tests\Tests.Catalog.API\Basket.IntegrationTests\Basket.IntegrationTests.csproj", "{5F805C4C-9C4E-46A8-928F-A3E994D4B288}"
EndProject
Project("{2150E333-8FDC-42A3-9474-1A3956D46DE8}") = "ApiGateway", "ApiGateway", "{6F06CBDD-7484-4606-A369-EBE0C04F5600}"
EndProject
Project("{FAE04EC0-301F-11D3-BF4B-00C04F79EFBC}") = "OcelotAPIGateway", "src\ApiGateway\OcelotAPIGateway\OcelotAPIGateway.csproj", "{72DB2E52-96B2-451B-B3DE-2A9B77BBBBBC}"
EndProject
Project("{2150E333-8FDC-42A3-9474-1A3956D46DE8}") = "Auth", "Auth", "{EEA90D6A-6FF0-4F90-9709-E0C0C03C067A}"
EndProject
Project("{FAE04EC0-301F-11D3-BF4B-00C04F79EFBC}") = "Auth.API", "src\Auth\Auth.API\Auth.API\Auth.API.csproj", "{BAC5A018-9B4A-493D-AC8B-43D079B9020C}"
EndProject
Global
	GlobalSection(SolutionConfigurationPlatforms) = preSolution
		Debug|Any CPU = Debug|Any CPU
		Release|Any CPU = Release|Any CPU
	EndGlobalSection
	GlobalSection(ProjectConfigurationPlatforms) = postSolution
		{272D4A51-BE39-4D3B-A6F5-639B4A6A7290}.Debug|Any CPU.ActiveCfg = Debug|Any CPU
		{272D4A51-BE39-4D3B-A6F5-639B4A6A7290}.Debug|Any CPU.Build.0 = Debug|Any CPU
		{272D4A51-BE39-4D3B-A6F5-639B4A6A7290}.Release|Any CPU.ActiveCfg = Release|Any CPU
		{272D4A51-BE39-4D3B-A6F5-639B4A6A7290}.Release|Any CPU.Build.0 = Release|Any CPU
		{DE59DD28-B2CB-42F2-B1E0-37A58B845515}.Debug|Any CPU.ActiveCfg = Debug|Any CPU
		{DE59DD28-B2CB-42F2-B1E0-37A58B845515}.Debug|Any CPU.Build.0 = Debug|Any CPU
		{DE59DD28-B2CB-42F2-B1E0-37A58B845515}.Release|Any CPU.ActiveCfg = Release|Any CPU
		{DE59DD28-B2CB-42F2-B1E0-37A58B845515}.Release|Any CPU.Build.0 = Release|Any CPU
		{9A71F100-C77A-48A0-B9F6-DAC0A30D46ED}.Debug|Any CPU.ActiveCfg = Debug|Any CPU
		{9A71F100-C77A-48A0-B9F6-DAC0A30D46ED}.Debug|Any CPU.Build.0 = Debug|Any CPU
		{9A71F100-C77A-48A0-B9F6-DAC0A30D46ED}.Release|Any CPU.ActiveCfg = Release|Any CPU
		{9A71F100-C77A-48A0-B9F6-DAC0A30D46ED}.Release|Any CPU.Build.0 = Release|Any CPU
		{39A57FBC-FE2B-4AA3-8299-64EB5AAB72B2}.Debug|Any CPU.ActiveCfg = Debug|Any CPU
		{39A57FBC-FE2B-4AA3-8299-64EB5AAB72B2}.Debug|Any CPU.Build.0 = Debug|Any CPU
		{39A57FBC-FE2B-4AA3-8299-64EB5AAB72B2}.Release|Any CPU.ActiveCfg = Release|Any CPU
		{39A57FBC-FE2B-4AA3-8299-64EB5AAB72B2}.Release|Any CPU.Build.0 = Release|Any CPU
		{A01953FE-7CD9-41DB-8B3A-5CA2D3123CC3}.Debug|Any CPU.ActiveCfg = Debug|Any CPU
		{A01953FE-7CD9-41DB-8B3A-5CA2D3123CC3}.Debug|Any CPU.Build.0 = Debug|Any CPU
		{A01953FE-7CD9-41DB-8B3A-5CA2D3123CC3}.Release|Any CPU.ActiveCfg = Release|Any CPU
		{A01953FE-7CD9-41DB-8B3A-5CA2D3123CC3}.Release|Any CPU.Build.0 = Release|Any CPU
		{11A77377-99D3-44EC-A983-A97F2A8F9DF1}.Debug|Any CPU.ActiveCfg = Debug|Any CPU
		{11A77377-99D3-44EC-A983-A97F2A8F9DF1}.Debug|Any CPU.Build.0 = Debug|Any CPU
		{11A77377-99D3-44EC-A983-A97F2A8F9DF1}.Release|Any CPU.ActiveCfg = Release|Any CPU
		{11A77377-99D3-44EC-A983-A97F2A8F9DF1}.Release|Any CPU.Build.0 = Release|Any CPU
		{D3534BC5-0DF0-4A5B-B776-E1D8ED5C6558}.Debug|Any CPU.ActiveCfg = Debug|Any CPU
		{D3534BC5-0DF0-4A5B-B776-E1D8ED5C6558}.Debug|Any CPU.Build.0 = Debug|Any CPU
		{D3534BC5-0DF0-4A5B-B776-E1D8ED5C6558}.Release|Any CPU.ActiveCfg = Release|Any CPU
		{D3534BC5-0DF0-4A5B-B776-E1D8ED5C6558}.Release|Any CPU.Build.0 = Release|Any CPU
		{5F805C4C-9C4E-46A8-928F-A3E994D4B288}.Debug|Any CPU.ActiveCfg = Debug|Any CPU
		{5F805C4C-9C4E-46A8-928F-A3E994D4B288}.Debug|Any CPU.Build.0 = Debug|Any CPU
		{5F805C4C-9C4E-46A8-928F-A3E994D4B288}.Release|Any CPU.ActiveCfg = Release|Any CPU
		{5F805C4C-9C4E-46A8-928F-A3E994D4B288}.Release|Any CPU.Build.0 = Release|Any CPU
		{72DB2E52-96B2-451B-B3DE-2A9B77BBBBBC}.Debug|Any CPU.ActiveCfg = Debug|Any CPU
		{72DB2E52-96B2-451B-B3DE-2A9B77BBBBBC}.Debug|Any CPU.Build.0 = Debug|Any CPU
		{72DB2E52-96B2-451B-B3DE-2A9B77BBBBBC}.Release|Any CPU.ActiveCfg = Release|Any CPU
		{72DB2E52-96B2-451B-B3DE-2A9B77BBBBBC}.Release|Any CPU.Build.0 = Release|Any CPU
		{BAC5A018-9B4A-493D-AC8B-43D079B9020C}.Debug|Any CPU.ActiveCfg = Debug|Any CPU
		{BAC5A018-9B4A-493D-AC8B-43D079B9020C}.Debug|Any CPU.Build.0 = Debug|Any CPU
		{BAC5A018-9B4A-493D-AC8B-43D079B9020C}.Release|Any CPU.ActiveCfg = Release|Any CPU
		{BAC5A018-9B4A-493D-AC8B-43D079B9020C}.Release|Any CPU.Build.0 = Release|Any CPU
	EndGlobalSection
	GlobalSection(SolutionProperties) = preSolution
		HideSolutionNode = FALSE
	EndGlobalSection
	GlobalSection(NestedProjects) = preSolution
		{3253CFD9-49C9-49CD-B30D-74654B39F85A} = {B2BE4D97-CC85-4953-8173-9C21F6B32FED}
		{272D4A51-BE39-4D3B-A6F5-639B4A6A7290} = {3253CFD9-49C9-49CD-B30D-74654B39F85A}
		{842FB576-028C-49E1-9D69-E89D8DF9396C} = {B2BE4D97-CC85-4953-8173-9C21F6B32FED}
		{DE59DD28-B2CB-42F2-B1E0-37A58B845515} = {842FB576-028C-49E1-9D69-E89D8DF9396C}
		{97A15E92-AF4A-4229-B301-64006B224D36} = {B2BE4D97-CC85-4953-8173-9C21F6B32FED}
		{9A71F100-C77A-48A0-B9F6-DAC0A30D46ED} = {97A15E92-AF4A-4229-B301-64006B224D36}
		{4A5931FA-CDE0-40AE-AD2F-D10772A5825D} = {B2BE4D97-CC85-4953-8173-9C21F6B32FED}
		{39A57FBC-FE2B-4AA3-8299-64EB5AAB72B2} = {4A5931FA-CDE0-40AE-AD2F-D10772A5825D}
		{A01953FE-7CD9-41DB-8B3A-5CA2D3123CC3} = {4A5931FA-CDE0-40AE-AD2F-D10772A5825D}
		{11A77377-99D3-44EC-A983-A97F2A8F9DF1} = {4A5931FA-CDE0-40AE-AD2F-D10772A5825D}
		{D3534BC5-0DF0-4A5B-B776-E1D8ED5C6558} = {4A5931FA-CDE0-40AE-AD2F-D10772A5825D}
		{5F805C4C-9C4E-46A8-928F-A3E994D4B288} = {B8A8BD76-255A-4E19-9BFA-E9B7C23D8BC8}
		{6F06CBDD-7484-4606-A369-EBE0C04F5600} = {B2BE4D97-CC85-4953-8173-9C21F6B32FED}
		{72DB2E52-96B2-451B-B3DE-2A9B77BBBBBC} = {6F06CBDD-7484-4606-A369-EBE0C04F5600}
		{EEA90D6A-6FF0-4F90-9709-E0C0C03C067A} = {B2BE4D97-CC85-4953-8173-9C21F6B32FED}
		{BAC5A018-9B4A-493D-AC8B-43D079B9020C} = {EEA90D6A-6FF0-4F90-9709-E0C0C03C067A}
	EndGlobalSection
	GlobalSection(ExtensibilityGlobals) = postSolution
		SolutionGuid = {1C29AAB9-4E45-4004-ADF0-2AE80BAE9FA8}
	EndGlobalSection
EndGlobal
